
Microsoft Visual Studio Solution File, Format Version 12.00
# Visual Studio Version 16
VisualStudioVersion = 16.0.29709.97
MinimumVisualStudioVersion = 10.0.40219.1
Project("{FAE04EC0-301F-11D3-BF4B-00C04F79EFBC}") = "CardMimic", "Boxy\CardMimic.csproj", "{EE7F5626-B787-4057-9A4D-63BDBBCB183E}"
EndProject
Project("{FAE04EC0-301F-11D3-BF4B-00C04F79EFBC}") = "CardMimic.Model", "Boxy.Model\CardMimic.Model.csproj", "{71F8243A-803C-4B6B-8515-ADEF6EE2EEC4}"
EndProject
Global
	GlobalSection(SolutionConfigurationPlatforms) = preSolution
		Debug|Any CPU = Debug|Any CPU
		Release|Any CPU = Release|Any CPU
	EndGlobalSection
	GlobalSection(ProjectConfigurationPlatforms) = postSolution
		{EE7F5626-B787-4057-9A4D-63BDBBCB183E}.Debug|Any CPU.ActiveCfg = Debug|Any CPU
		{EE7F5626-B787-4057-9A4D-63BDBBCB183E}.Debug|Any CPU.Build.0 = Debug|Any CPU
		{EE7F5626-B787-4057-9A4D-63BDBBCB183E}.Release|Any CPU.ActiveCfg = Release|Any CPU
		{EE7F5626-B787-4057-9A4D-63BDBBCB183E}.Release|Any CPU.Build.0 = Release|Any CPU
		{71F8243A-803C-4B6B-8515-ADEF6EE2EEC4}.Debug|Any CPU.ActiveCfg = Debug|Any CPU
		{71F8243A-803C-4B6B-8515-ADEF6EE2EEC4}.Debug|Any CPU.Build.0 = Debug|Any CPU
		{71F8243A-803C-4B6B-8515-ADEF6EE2EEC4}.Release|Any CPU.ActiveCfg = Release|Any CPU
		{71F8243A-803C-4B6B-8515-ADEF6EE2EEC4}.Release|Any CPU.Build.0 = Release|Any CPU
	EndGlobalSection
	GlobalSection(SolutionProperties) = preSolution
		HideSolutionNode = FALSE
	EndGlobalSection
	GlobalSection(ExtensibilityGlobals) = postSolution
		SolutionGuid = {B3DE70BD-B607-417B-8E7C-32D6D2A0DFBC}
	EndGlobalSection
EndGlobal
